
Microsoft Visual Studio Solution File, Format Version 12.00
# Visual Studio 15
VisualStudioVersion = 15.0.27130.2003
MinimumVisualStudioVersion = 10.0.40219.1
Project("{FAE04EC0-301F-11D3-BF4B-00C04F79EFBC}") = "HomeWork_2", "HomeWork_2\HomeWork_2.csproj", "{42F50FF7-B8D3-4B0A-99C1-A6CB7ABA1F3F}"
EndProject
Project("{FAE04EC0-301F-11D3-BF4B-00C04F79EFBC}") = "HomeWork_1", "HomeWork_1\HomeWork_1.csproj", "{CC75F281-3576-47FF-8EDA-4F4BCD801725}"
EndProject
Global
	GlobalSection(SolutionConfigurationPlatforms) = preSolution
		Debug|Any CPU = Debug|Any CPU
		Release|Any CPU = Release|Any CPU
	EndGlobalSection
	GlobalSection(ProjectConfigurationPlatforms) = postSolution
		{42F50FF7-B8D3-4B0A-99C1-A6CB7ABA1F3F}.Debug|Any CPU.ActiveCfg = Debug|Any CPU
		{42F50FF7-B8D3-4B0A-99C1-A6CB7ABA1F3F}.Debug|Any CPU.Build.0 = Debug|Any CPU
		{42F50FF7-B8D3-4B0A-99C1-A6CB7ABA1F3F}.Release|Any CPU.ActiveCfg = Release|Any CPU
		{42F50FF7-B8D3-4B0A-99C1-A6CB7ABA1F3F}.Release|Any CPU.Build.0 = Release|Any CPU
		{CC75F281-3576-47FF-8EDA-4F4BCD801725}.Debug|Any CPU.ActiveCfg = Debug|Any CPU
		{CC75F281-3576-47FF-8EDA-4F4BCD801725}.Debug|Any CPU.Build.0 = Debug|Any CPU
		{CC75F281-3576-47FF-8EDA-4F4BCD801725}.Release|Any CPU.ActiveCfg = Release|Any CPU
		{CC75F281-3576-47FF-8EDA-4F4BCD801725}.Release|Any CPU.Build.0 = Release|Any CPU
	EndGlobalSection
	GlobalSection(SolutionProperties) = preSolution
		HideSolutionNode = FALSE
	EndGlobalSection
	GlobalSection(ExtensibilityGlobals) = postSolution
		SolutionGuid = {1FF20333-F25C-4BDF-8696-E36F9E5F06E8}
	EndGlobalSection
EndGlobal
